
Microsoft Visual Studio Solution File, Format Version 12.00
# Visual Studio 14
VisualStudioVersion = 14.0.25420.1
MinimumVisualStudioVersion = 10.0.40219.1
Project("{FAE04EC0-301F-11D3-BF4B-00C04F79EFBC}") = "Vidly2", "Vidly2\Vidly2.csproj", "{F4EAEA7F-3C36-4284-BD86-2F0116AE652C}"
EndProject
Global
	GlobalSection(SolutionConfigurationPlatforms) = preSolution
		Debug|Any CPU = Debug|Any CPU
		Release|Any CPU = Release|Any CPU
	EndGlobalSection
	GlobalSection(ProjectConfigurationPlatforms) = postSolution
		{F4EAEA7F-3C36-4284-BD86-2F0116AE652C}.Debug|Any CPU.ActiveCfg = Debug|Any CPU
		{F4EAEA7F-3C36-4284-BD86-2F0116AE652C}.Debug|Any CPU.Build.0 = Debug|Any CPU
		{F4EAEA7F-3C36-4284-BD86-2F0116AE652C}.Release|Any CPU.ActiveCfg = Release|Any CPU
		{F4EAEA7F-3C36-4284-BD86-2F0116AE652C}.Release|Any CPU.Build.0 = Release|Any CPU
	EndGlobalSection
	GlobalSection(SolutionProperties) = preSolution
		HideSolutionNode = FALSE
	EndGlobalSection
EndGlobal
